// !$*UTF8*$!
{
	archiveVersion = 1;
	classes = {
	};
	objectVersion = 50;
	objects = {

/* Begin PBXBuildFile section */
		14D293F42664FB9500A4F262 /* AppDelegate.swift in Sources */ = {isa = PBXBuildFile; fileRef = 14D293F32664FB9500A4F262 /* AppDelegate.swift */; };
		14D293F62664FB9500A4F262 /* SceneDelegate.swift in Sources */ = {isa = PBXBuildFile; fileRef = 14D293F52664FB9500A4F262 /* SceneDelegate.swift */; };
		14D293F82664FB9500A4F262 /* AboutMeVC.swift in Sources */ = {isa = PBXBuildFile; fileRef = 14D293F72664FB9500A4F262 /* AboutMeVC.swift */; };
		14D293FD2664FB9600A4F262 /* Assets.xcassets in Resources */ = {isa = PBXBuildFile; fileRef = 14D293FC2664FB9600A4F262 /* Assets.xcassets */; };
		14D294002664FB9600A4F262 /* LaunchScreen.storyboard in Resources */ = {isa = PBXBuildFile; fileRef = 14D293FE2664FB9600A4F262 /* LaunchScreen.storyboard */; };
		14D294082664FF9100A4F262 /* AboutMeView.swift in Sources */ = {isa = PBXBuildFile; fileRef = 14D294072664FF9100A4F262 /* AboutMeView.swift */; };
		14D2940F2665126300A4F262 /* ChildModel.swift in Sources */ = {isa = PBXBuildFile; fileRef = 14D2940E2665126300A4F262 /* ChildModel.swift */; };
/* End PBXBuildFile section */

/* Begin PBXFileReference section */
		14D293F02664FB9400A4F262 /* AboutMeApp.app */ = {isa = PBXFileReference; explicitFileType = wrapper.application; includeInIndex = 0; path = AboutMeApp.app; sourceTree = BUILT_PRODUCTS_DIR; };
		14D293F32664FB9500A4F262 /* AppDelegate.swift */ = {isa = PBXFileReference; lastKnownFileType = sourcecode.swift; path = AppDelegate.swift; sourceTree = "<group>"; };
		14D293F52664FB9500A4F262 /* SceneDelegate.swift */ = {isa = PBXFileReference; lastKnownFileType = sourcecode.swift; path = SceneDelegate.swift; sourceTree = "<group>"; };
		14D293F72664FB9500A4F262 /* AboutMeVC.swift */ = {isa = PBXFileReference; lastKnownFileType = sourcecode.swift; path = AboutMeVC.swift; sourceTree = "<group>"; };
		14D293FC2664FB9600A4F262 /* Assets.xcassets */ = {isa = PBXFileReference; lastKnownFileType = folder.assetcatalog; path = Assets.xcassets; sourceTree = "<group>"; };
		14D293FF2664FB9600A4F262 /* Base */ = {isa = PBXFileReference; lastKnownFileType = file.storyboard; name = Base; path = Base.lproj/LaunchScreen.storyboard; sourceTree = "<group>"; };
		14D294012664FB9600A4F262 /* Info.plist */ = {isa = PBXFileReference; lastKnownFileType = text.plist.xml; path = Info.plist; sourceTree = "<group>"; };
		14D294072664FF9100A4F262 /* AboutMeView.swift */ = {isa = PBXFileReference; lastKnownFileType = sourcecode.swift; path = AboutMeView.swift; sourceTree = "<group>"; };
		14D2940E2665126300A4F262 /* ChildModel.swift */ = {isa = PBXFileReference; lastKnownFileType = sourcecode.swift; path = ChildModel.swift; sourceTree = "<group>"; };
/* End PBXFileReference section */

/* Begin PBXFrameworksBuildPhase section */
		14D293ED2664FB9400A4F262 /* Frameworks */ = {
			isa = PBXFrameworksBuildPhase;
			buildActionMask = 2147483647;
			files = (
			);
			runOnlyForDeploymentPostprocessing = 0;
		};
/* End PBXFrameworksBuildPhase section */

/* Begin PBXGroup section */
		14D293E72664FB9400A4F262 = {
			isa = PBXGroup;
			children = (
				14D293F22664FB9400A4F262 /* AboutMeApp */,
				14D293F12664FB9400A4F262 /* Products */,
			);
			sourceTree = "<group>";
		};
		14D293F12664FB9400A4F262 /* Products */ = {
			isa = PBXGroup;
			children = (
				14D293F02664FB9400A4F262 /* AboutMeApp.app */,
			);
			name = Products;
			sourceTree = "<group>";
		};
		14D293F22664FB9400A4F262 /* AboutMeApp */ = {
			isa = PBXGroup;
			children = (
				14D294092665068000A4F262 /* App */,
				14D2940D266506E200A4F262 /* AboutMeModule */,
			);
			path = AboutMeApp;
			sourceTree = "<group>";
		};
		14D294092665068000A4F262 /* App */ = {
			isa = PBXGroup;
			children = (
				14D2940A2665069A00A4F262 /* App Delegates */,
				14D2940C266506C800A4F262 /* LaunchScreen */,
				14D2940B266506B100A4F262 /* Supporting files */,
			);
			path = App;
			sourceTree = "<group>";
		};
		14D2940A2665069A00A4F262 /* App Delegates */ = {
			isa = PBXGroup;
			children = (
				14D293F32664FB9500A4F262 /* AppDelegate.swift */,
				14D293F52664FB9500A4F262 /* SceneDelegate.swift */,
			);
			path = "App Delegates";
			sourceTree = "<group>";
		};
		14D2940B266506B100A4F262 /* Supporting files */ = {
			isa = PBXGroup;
			children = (
				14D294012664FB9600A4F262 /* Info.plist */,
				14D293FC2664FB9600A4F262 /* Assets.xcassets */,
			);
			path = "Supporting files";
			sourceTree = "<group>";
		};
		14D2940C266506C800A4F262 /* LaunchScreen */ = {
			isa = PBXGroup;
			children = (
				14D293FE2664FB9600A4F262 /* LaunchScreen.storyboard */,
			);
			path = LaunchScreen;
			sourceTree = "<group>";
		};
		14D2940D266506E200A4F262 /* AboutMeModule */ = {
			isa = PBXGroup;
			children = (
				14D293F72664FB9500A4F262 /* AboutMeVC.swift */,
				14D294072664FF9100A4F262 /* AboutMeView.swift */,
				14D2940E2665126300A4F262 /* ChildModel.swift */,
			);
			path = AboutMeModule;
			sourceTree = "<group>";
		};
/* End PBXGroup section */

/* Begin PBXNativeTarget section */
		14D293EF2664FB9400A4F262 /* AboutMeApp */ = {
			isa = PBXNativeTarget;
			buildConfigurationList = 14D294042664FB9600A4F262 /* Build configuration list for PBXNativeTarget "AboutMeApp" */;
			buildPhases = (
				14D293EC2664FB9400A4F262 /* Sources */,
				14D293ED2664FB9400A4F262 /* Frameworks */,
				14D293EE2664FB9400A4F262 /* Resources */,
			);
			buildRules = (
			);
			dependencies = (
			);
			name = AboutMeApp;
			productName = AboutMeApp;
			productReference = 14D293F02664FB9400A4F262 /* AboutMeApp.app */;
			productType = "com.apple.product-type.application";
		};
/* End PBXNativeTarget section */

/* Begin PBXProject section */
		14D293E82664FB9400A4F262 /* Project object */ = {
			isa = PBXProject;
			attributes = {
				LastSwiftUpdateCheck = 1250;
				LastUpgradeCheck = 1250;
				TargetAttributes = {
					14D293EF2664FB9400A4F262 = {
						CreatedOnToolsVersion = 12.5;
					};
				};
			};
			buildConfigurationList = 14D293EB2664FB9400A4F262 /* Build configuration list for PBXProject "AboutMeApp" */;
			compatibilityVersion = "Xcode 9.3";
			developmentRegion = en;
			hasScannedForEncodings = 0;
			knownRegions = (
				en,
				Base,
			);
			mainGroup = 14D293E72664FB9400A4F262;
			productRefGroup = 14D293F12664FB9400A4F262 /* Products */;
			projectDirPath = "";
			projectRoot = "";
			targets = (
				14D293EF2664FB9400A4F262 /* AboutMeApp */,
			);
		};
/* End PBXProject section */

/* Begin PBXResourcesBuildPhase section */
		14D293EE2664FB9400A4F262 /* Resources */ = {
			isa = PBXResourcesBuildPhase;
			buildActionMask = 2147483647;
			files = (
				14D294002664FB9600A4F262 /* LaunchScreen.storyboard in Resources */,
				14D293FD2664FB9600A4F262 /* Assets.xcassets in Resources */,
			);
			runOnlyForDeploymentPostprocessing = 0;
		};
/* End PBXResourcesBuildPhase section */

/* Begin PBXSourcesBuildPhase section */
		14D293EC2664FB9400A4F262 /* Sources */ = {
			isa = PBXSourcesBuildPhase;
			buildActionMask = 2147483647;
			files = (
				14D294082664FF9100A4F262 /* AboutMeView.swift in Sources */,
				14D2940F2665126300A4F262 /* ChildModel.swift in Sources */,
				14D293F82664FB9500A4F262 /* AboutMeVC.swift in Sources */,
				14D293F42664FB9500A4F262 /* AppDelegate.swift in Sources */,
				14D293F62664FB9500A4F262 /* SceneDelegate.swift in Sources */,
			);
			runOnlyForDeploymentPostprocessing = 0;
		};
/* End PBXSourcesBuildPhase section */

/* Begin PBXVariantGroup section */
		14D293FE2664FB9600A4F262 /* LaunchScreen.storyboard */ = {
			isa = PBXVariantGroup;
			children = (
				14D293FF2664FB9600A4F262 /* Base */,
			);
			name = LaunchScreen.storyboard;
			sourceTree = "<group>";
		};
/* End PBXVariantGroup section */

/* Begin XCBuildConfiguration section */
		14D294022664FB9600A4F262 /* Debug */ = {
			isa = XCBuildConfiguration;
			buildSettings = {
				ALWAYS_SEARCH_USER_PATHS = NO;
				CLANG_ANALYZER_NONNULL = YES;
				CLANG_ANALYZER_NUMBER_OBJECT_CONVERSION = YES_AGGRESSIVE;
				CLANG_CXX_LANGUAGE_STANDARD = "gnu++14";
				CLANG_CXX_LIBRARY = "libc++";
				CLANG_ENABLE_MODULES = YES;
				CLANG_ENABLE_OBJC_ARC = YES;
				CLANG_ENABLE_OBJC_WEAK = YES;
				CLANG_WARN_BLOCK_CAPTURE_AUTORELEASING = YES;
				CLANG_WARN_BOOL_CONVERSION = YES;
				CLANG_WARN_COMMA = YES;
				CLANG_WARN_CONSTANT_CONVERSION = YES;
				CLANG_WARN_DEPRECATED_OBJC_IMPLEMENTATIONS = YES;
				CLANG_WARN_DIRECT_OBJC_ISA_USAGE = YES_ERROR;
				CLANG_WARN_DOCUMENTATION_COMMENTS = YES;
				CLANG_WARN_EMPTY_BODY = YES;
				CLANG_WARN_ENUM_CONVERSION = YES;
				CLANG_WARN_INFINITE_RECURSION = YES;
				CLANG_WARN_INT_CONVERSION = YES;
				CLANG_WARN_NON_LITERAL_NULL_CONVERSION = YES;
				CLANG_WARN_OBJC_IMPLICIT_RETAIN_SELF = YES;
				CLANG_WARN_OBJC_LITERAL_CONVERSION = YES;
				CLANG_WARN_OBJC_ROOT_CLASS = YES_ERROR;
				CLANG_WARN_QUOTED_INCLUDE_IN_FRAMEWORK_HEADER = YES;
				CLANG_WARN_RANGE_LOOP_ANALYSIS = YES;
				CLANG_WARN_STRICT_PROTOTYPES = YES;
				CLANG_WARN_SUSPICIOUS_MOVE = YES;
				CLANG_WARN_UNGUARDED_AVAILABILITY = YES_AGGRESSIVE;
				CLANG_WARN_UNREACHABLE_CODE = YES;
				CLANG_WARN__DUPLICATE_METHOD_MATCH = YES;
				COPY_PHASE_STRIP = NO;
				DEBUG_INFORMATION_FORMAT = dwarf;
				ENABLE_STRICT_OBJC_MSGSEND = YES;
				ENABLE_TESTABILITY = YES;
				GCC_C_LANGUAGE_STANDARD = gnu11;
				GCC_DYNAMIC_NO_PIC = NO;
				GCC_NO_COMMON_BLOCKS = YES;
				GCC_OPTIMIZATION_LEVEL = 0;
				GCC_PREPROCESSOR_DEFINITIONS = (
					"DEBUG=1",
					"$(inherited)",
				);
				GCC_WARN_64_TO_32_BIT_CONVERSION = YES;
				GCC_WARN_ABOUT_RETURN_TYPE = YES_ERROR;
				GCC_WARN_UNDECLARED_SELECTOR = YES;
				GCC_WARN_UNINITIALIZED_AUTOS = YES_AGGRESSIVE;
				GCC_WARN_UNUSED_FUNCTION = YES;
				GCC_WARN_UNUSED_VARIABLE = YES;
				IPHONEOS_DEPLOYMENT_TARGET = 14.5;
				MTL_ENABLE_DEBUG_INFO = INCLUDE_SOURCE;
				MTL_FAST_MATH = YES;
				ONLY_ACTIVE_ARCH = YES;
				SDKROOT = iphoneos;
				SWIFT_ACTIVE_COMPILATION_CONDITIONS = DEBUG;
				SWIFT_OPTIMIZATION_LEVEL = "-Onone";
			};
			name = Debug;
		};
		14D294032664FB9600A4F262 /* Release */ = {
			isa = XCBuildConfiguration;
			buildSettings = {
				ALWAYS_SEARCH_USER_PATHS = NO;
				CLANG_ANALYZER_NONNULL = YES;
				CLANG_ANALYZER_NUMBER_OBJECT_CONVERSION = YES_AGGRESSIVE;
				CLANG_CXX_LANGUAGE_STANDARD = "gnu++14";
				CLANG_CXX_LIBRARY = "libc++";
				CLANG_ENABLE_MODULES = YES;
				CLANG_ENABLE_OBJC_ARC = YES;
				CLANG_ENABLE_OBJC_WEAK = YES;
				CLANG_WARN_BLOCK_CAPTURE_AUTORELEASING = YES;
				CLANG_WARN_BOOL_CONVERSION = YES;
				CLANG_WARN_COMMA = YES;
				CLANG_WARN_CONSTANT_CONVERSION = YES;
				CLANG_WARN_DEPRECATED_OBJC_IMPLEMENTATIONS = YES;
				CLANG_WARN_DIRECT_OBJC_ISA_USAGE = YES_ERROR;
				CLANG_WARN_DOCUMENTATION_COMMENTS = YES;
				CLANG_WARN_EMPTY_BODY = YES;
				CLANG_WARN_ENUM_CONVERSION = YES;
				CLANG_WARN_INFINITE_RECURSION = YES;
				CLANG_WARN_INT_CONVERSION = YES;
				CLANG_WARN_NON_LITERAL_NULL_CONVERSION = YES;
				CLANG_WARN_OBJC_IMPLICIT_RETAIN_SELF = YES;
				CLANG_WARN_OBJC_LITERAL_CONVERSION = YES;
				CLANG_WARN_OBJC_ROOT_CLASS = YES_ERROR;
				CLANG_WARN_QUOTED_INCLUDE_IN_FRAMEWORK_HEADER = YES;
				CLANG_WARN_RANGE_LOOP_ANALYSIS = YES;
				CLANG_WARN_STRICT_PROTOTYPES = YES;
				CLANG_WARN_SUSPICIOUS_MOVE = YES;
				CLANG_WARN_UNGUARDED_AVAILABILITY = YES_AGGRESSIVE;
				CLANG_WARN_UNREACHABLE_CODE = YES;
				CLANG_WARN__DUPLICATE_METHOD_MATCH = YES;
				COPY_PHASE_STRIP = NO;
				DEBUG_INFORMATION_FORMAT = "dwarf-with-dsym";
				ENABLE_NS_ASSERTIONS = NO;
				ENABLE_STRICT_OBJC_MSGSEND = YES;
				GCC_C_LANGUAGE_STANDARD = gnu11;
				GCC_NO_COMMON_BLOCKS = YES;
				GCC_WARN_64_TO_32_BIT_CONVERSION = YES;
				GCC_WARN_ABOUT_RETURN_TYPE = YES_ERROR;
				GCC_WARN_UNDECLARED_SELECTOR = YES;
				GCC_WARN_UNINITIALIZED_AUTOS = YES_AGGRESSIVE;
				GCC_WARN_UNUSED_FUNCTION = YES;
				GCC_WARN_UNUSED_VARIABLE = YES;
				IPHONEOS_DEPLOYMENT_TARGET = 14.5;
				MTL_ENABLE_DEBUG_INFO = NO;
				MTL_FAST_MATH = YES;
				SDKROOT = iphoneos;
				SWIFT_COMPILATION_MODE = wholemodule;
				SWIFT_OPTIMIZATION_LEVEL = "-O";
				VALIDATE_PRODUCT = YES;
			};
			name = Release;
		};
		14D294052664FB9600A4F262 /* Debug */ = {
			isa = XCBuildConfiguration;
			buildSettings = {
				ASSETCATALOG_COMPILER_APPICON_NAME = AppIcon;
				ASSETCATALOG_COMPILER_GLOBAL_ACCENT_COLOR_NAME = AccentColor;
				CODE_SIGN_STYLE = Automatic;
				DEVELOPMENT_TEAM = 68FXT4UH73;
				INFOPLIST_FILE = "AboutMeApp/App/Supporting files/Info.plist";
				LD_RUNPATH_SEARCH_PATHS = (
					"$(inherited)",
					"@executable_path/Frameworks",
				);
				PRODUCT_BUNDLE_IDENTIFIER = ru.egorskikh.AboutMeApp;
				PRODUCT_NAME = "$(TARGET_NAME)";
				SWIFT_VERSION = 5.0;
				TARGETED_DEVICE_FAMILY = "1,2";
			};
			name = Debug;
		};
		14D294062664FB9600A4F262 /* Release */ = {
			isa = XCBuildConfiguration;
			buildSettings = {
				ASSETCATALOG_COMPILER_APPICON_NAME = AppIcon;
				ASSETCATALOG_COMPILER_GLOBAL_ACCENT_COLOR_NAME = AccentColor;
				CODE_SIGN_STYLE = Automatic;
				DEVELOPMENT_TEAM = 68FXT4UH73;
				INFOPLIST_FILE = "AboutMeApp/App/Supporting files/Info.plist";
				LD_RUNPATH_SEARCH_PATHS = (
					"$(inherited)",
					"@executable_path/Frameworks",
				);
				PRODUCT_BUNDLE_IDENTIFIER = ru.egorskikh.AboutMeApp;
				PRODUCT_NAME = "$(TARGET_NAME)";
				SWIFT_VERSION = 5.0;
				TARGETED_DEVICE_FAMILY = "1,2";
			};
			name = Release;
		};
/* End XCBuildConfiguration section */

/* Begin XCConfigurationList section */
		14D293EB2664FB9400A4F262 /* Build configuration list for PBXProject "AboutMeApp" */ = {
			isa = XCConfigurationList;
			buildConfigurations = (
				14D294022664FB9600A4F262 /* Debug */,
				14D294032664FB9600A4F262 /* Release */,
			);
			defaultConfigurationIsVisible = 0;
			defaultConfigurationName = Release;
		};
		14D294042664FB9600A4F262 /* Build configuration list for PBXNativeTarget "AboutMeApp" */ = {
			isa = XCConfigurationList;
			buildConfigurations = (
				14D294052664FB9600A4F262 /* Debug */,
				14D294062664FB9600A4F262 /* Release */,
			);
			defaultConfigurationIsVisible = 0;
			defaultConfigurationName = Release;
		};
/* End XCConfigurationList section */
	};
	rootObject = 14D293E82664FB9400A4F262 /* Project object */;
}
